
Microsoft Visual Studio Solution File, Format Version 12.00
# Visual Studio Version 16
VisualStudioVersion = 16.0.31112.23
MinimumVisualStudioVersion = 10.0.40219.1
Project("{9A19103F-16F7-4668-BE54-9A1E7A4F7556}") = "OnlineTest", "OnlineTest\OnlineTest.csproj", "{BA092F60-DEEC-4874-B10A-B417FDEF455C}"
EndProject
Project("{9A19103F-16F7-4668-BE54-9A1E7A4F7556}") = "Project.Model", "Project.Model\Project.Model.csproj", "{4F58BFF9-5B3A-4BED-9E57-856DF5E92952}"
EndProject
Global
	GlobalSection(SolutionConfigurationPlatforms) = preSolution
		Debug|Any CPU = Debug|Any CPU
		Release|Any CPU = Release|Any CPU
	EndGlobalSection
	GlobalSection(ProjectConfigurationPlatforms) = postSolution
		{BA092F60-DEEC-4874-B10A-B417FDEF455C}.Debug|Any CPU.ActiveCfg = Debug|Any CPU
		{BA092F60-DEEC-4874-B10A-B417FDEF455C}.Debug|Any CPU.Build.0 = Debug|Any CPU
		{BA092F60-DEEC-4874-B10A-B417FDEF455C}.Release|Any CPU.ActiveCfg = Release|Any CPU
		{BA092F60-DEEC-4874-B10A-B417FDEF455C}.Release|Any CPU.Build.0 = Release|Any CPU
		{4F58BFF9-5B3A-4BED-9E57-856DF5E92952}.Debug|Any CPU.ActiveCfg = Debug|Any CPU
		{4F58BFF9-5B3A-4BED-9E57-856DF5E92952}.Debug|Any CPU.Build.0 = Debug|Any CPU
		{4F58BFF9-5B3A-4BED-9E57-856DF5E92952}.Release|Any CPU.ActiveCfg = Release|Any CPU
		{4F58BFF9-5B3A-4BED-9E57-856DF5E92952}.Release|Any CPU.Build.0 = Release|Any CPU
	EndGlobalSection
	GlobalSection(SolutionProperties) = preSolution
		HideSolutionNode = FALSE
	EndGlobalSection
	GlobalSection(ExtensibilityGlobals) = postSolution
		SolutionGuid = {24E06321-4BE1-4EEF-9289-015279FABD00}
	EndGlobalSection
EndGlobal
